
Microsoft Visual Studio Solution File, Format Version 12.00
# Visual Studio Version 17
VisualStudioVersion = 17.10.34916.146
MinimumVisualStudioVersion = 10.0.40219.1
Project("{FAE04EC0-301F-11D3-BF4B-00C04F79EFBC}") = "WeatherApp-Console", "WeatherApp-Console.csproj", "{BCAFCB9E-15D7-455F-BC58-A3E054302228}"
EndProject
Global
	GlobalSection(SolutionConfigurationPlatforms) = preSolution
		Debug|Any CPU = Debug|Any CPU
		Release|Any CPU = Release|Any CPU
	EndGlobalSection
	GlobalSection(ProjectConfigurationPlatforms) = postSolution
		{BCAFCB9E-15D7-455F-BC58-A3E054302228}.Debug|Any CPU.ActiveCfg = Debug|Any CPU
		{BCAFCB9E-15D7-455F-BC58-A3E054302228}.Debug|Any CPU.Build.0 = Debug|Any CPU
		{BCAFCB9E-15D7-455F-BC58-A3E054302228}.Release|Any CPU.ActiveCfg = Release|Any CPU
		{BCAFCB9E-15D7-455F-BC58-A3E054302228}.Release|Any CPU.Build.0 = Release|Any CPU
	EndGlobalSection
	GlobalSection(SolutionProperties) = preSolution
		HideSolutionNode = FALSE
	EndGlobalSection
	GlobalSection(ExtensibilityGlobals) = postSolution
		SolutionGuid = {24D4E0C6-02E0-482A-9E7A-4779DF0FE0B4}
	EndGlobalSection
EndGlobal
